# This file is autogenerated, do not edit; changes may be undone by the next 'dep ensure'.


[[projects]]
  digest = "1:d7b2d6ad2a9768bb5c9e3bfa4d9ceaa635ca2737cca288507986f116fa4b8da2"
  name = "github.com/gofrs/flock"
  packages = ["."]
  pruneopts = "UT"
  revision = "392e7fae8f1b0bdbd67dad7237d23f618feb6dbb"
  version = "v0.7.1"

[solve-meta]
  analyzer-name = "dep"
  analyzer-version = 1
  input-imports = ["github.com/gofrs/flock"]
  solver-name = "gps-cdcl"
  solver-version = 1
